PODS:
  - Analytics (3.6.0)
  - Expecta (1.0.5)
  - Localytics (4.3.1)
  - Segment-Localytics (1.0.5.beta):
    - Analytics (~> 3.0)
    - Localytics (~> 4.3.1)
  - Specta (1.0.6)

DEPENDENCIES:
  - Expecta
  - Segment-Localytics (from `../`)
  - Specta

EXTERNAL SOURCES:
  Segment-Localytics:
    :path: "../"

SPEC CHECKSUMS:
  Analytics: 15be3e651d22cc811f44df65698538236676437b
  Expecta: e1c022fcd33910b6be89c291d2775b3fe27a89fe
  Localytics: 94bd0ebb8337a2a0fe39e5dc16efcd8712a25c8f
  Segment-Localytics: 67a5c19568631cbd28a12173923b2b80752ff193
  Specta: f506f3a8361de16bc0dcf3b17b75e269072ba465

PODFILE CHECKSUM: 7c4e8146b728c1eab3694042b0421d868d6cbba7

COCOAPODS: 1.2.0
