PODS:
  - Analytics (4.0.5)
  - Expecta (1.0.6)
  - Localytics (6.1.0)
  - Segment-Localytics (1.5.1):
    - Analytics
    - Localytics
  - Specta (1.0.7)

DEPENDENCIES:
  - Expecta
  - Segment-Localytics (from `../`)
  - Specta

SPEC REPOS:
  trunk:
    - Analytics
    - Expecta
    - Localytics
    - Specta

EXTERNAL SOURCES:
  Segment-Localytics:
    :path: "../"

SPEC CHECKSUMS:
  Analytics: 4bcf052c91e1f3339219e83d6a036fb2bd7c218d
  Expecta: 3b6bd90a64b9a1dcb0b70aa0e10a7f8f631667d5
  Localytics: c58b8c12c9926bfcbabee10f5b9053630adb6be5
  Segment-Localytics: e2c4d4282be14203fc0711b7667393c4d1382847
  Specta: 3e1bd89c3517421982dc4d1c992503e48bd5fe66

PODFILE CHECKSUM: 7c4e8146b728c1eab3694042b0421d868d6cbba7

COCOAPODS: 1.9.1
